
Microsoft Visual Studio Solution File, Format Version 12.00
# Visual Studio Version 17
VisualStudioVersion = 17.6.33815.320
MinimumVisualStudioVersion = 10.0.40219.1
Project("{FAE04EC0-301F-11D3-BF4B-00C04F79EFBC}") = "ApiPrueba", "ApiPrueba.csproj", "{30F121A9-884D-4CB1-ABBE-2DD86AB2E067}"
EndProject
Global
	GlobalSection(SolutionConfigurationPlatforms) = preSolution
		Debug|Any CPU = Debug|Any CPU
		Release|Any CPU = Release|Any CPU
	EndGlobalSection
	GlobalSection(ProjectConfigurationPlatforms) = postSolution
		{30F121A9-884D-4CB1-ABBE-2DD86AB2E067}.Debug|Any CPU.ActiveCfg = Debug|Any CPU
		{30F121A9-884D-4CB1-ABBE-2DD86AB2E067}.Debug|Any CPU.Build.0 = Debug|Any CPU
		{30F121A9-884D-4CB1-ABBE-2DD86AB2E067}.Release|Any CPU.ActiveCfg = Release|Any CPU
		{30F121A9-884D-4CB1-ABBE-2DD86AB2E067}.Release|Any CPU.Build.0 = Release|Any CPU
	EndGlobalSection
	GlobalSection(SolutionProperties) = preSolution
		HideSolutionNode = FALSE
	EndGlobalSection
	GlobalSection(ExtensibilityGlobals) = postSolution
		SolutionGuid = {D6814A87-A834-416D-84EC-D7D1B266EF64}
	EndGlobalSection
EndGlobal
